{
    "_meta": {
        "hash": {
            "sha256": "b7847e9bf19bf18b8a071b7ea872a1ca9aff1c02c70e176c37b4b34910b2bdc1"
        },
        "pipfile-spec": 6,
        "requires": {
            "python_version": "3.8"
        },
        "sources": [
            {
                "name": "pypi",
                "url": "https://pypi.org/simple",
                "verify_ssl": true
            }
        ]
    },
    "default": {
        "asgiref": {
            "hashes": [
                "sha256:7e51911ee147dd685c3c8b805c0ad0cb58d360987b56953878f8c06d2d1c6f1a",
                "sha256:9fc6fb5d39b8af147ba40765234fa822b39818b12cc80b35ad9b0cef3a476aed"
            ],
            "markers": "python_version >= '3.5'",
            "version": "==3.2.10"
        },
        "certifi": {
            "hashes": [
                "sha256:35824b4c3a97115964b408844d64aa14db1cc518f6562e8d7261699d1350a9e3",
                "sha256:4ad3232f5e926d6718ec31cfc1fcadfde020920e278684144551c91769c7bc18"
            ],
            "index": "pypi",
            "version": "==2022.12.7"
        },
        "chardet": {
            "hashes": [
                "sha256:84ab92ed1c4d4f16916e05906b6b75a6c0fb5db821cc65e70cbd64a3e2a5eaae",
                "sha256:fc323ffcaeaed0e0a02bf4d117757b98aed530d9ed4531e3e15460124c106691"
            ],
            "version": "==3.0.4"
        },
        "chromedriver": {
            "hashes": [
                "sha256:b70dee664075ea9209911527af310b09b99bbc0555d897a0dd8c316af9d23daf"
            ],
            "index": "pypi",
            "version": "==2.24.1"
        },
        "dj-database-url": {
            "hashes": [
                "sha256:4aeaeb1f573c74835b0686a2b46b85990571159ffc21aa57ecd4d1e1cb334163",
                "sha256:851785365761ebe4994a921b433062309eb882fedd318e1b0fcecc607ed02da9"
            ],
            "index": "pypi",
            "version": "==0.5.0"
        },
        "django": {
            "hashes": [
                "sha256:a2127ad0150ec6966655bedf15dbbff9697cc86d61653db2da1afa506c0b04cc",
                "sha256:c93c28ccf1d094cbd00d860e83128a39e45d2c571d3b54361713aaaf9a94cac4"
            ],
            "index": "pypi",
            "version": "==3.1.2"
        },
        "dynaconf": {
            "extras": [
                "yaml"
            ],
            "hashes": [
                "sha256:808adfe964f10695846dbf8dad7632e47fc3bc38860fd1887ed57dddffc4eff2",
                "sha256:9b34ab2f811a81755f5eb4beac77a69e1e0887528c7e37fc4bc83fed52dcf502"
            ],
            "index": "pypi",
            "version": "==3.1.2"
        },
        "idna": {
            "hashes": [
                "sha256:b307872f855b18632ce0c21c5e45be78c0ea7ae4c15c828c20788b26921eb3f6",
                "sha256:b97d804b1e9b523befed77c48dacec60e6dcb0b5391d57af6a65a312a90648c0"
            ],
            "markers": "python_version >= '2.7' and python_version not in '3.0, 3.1, 3.2, 3.3'",
            "version": "==2.10"
        },
        "pillow": {
            "hashes": [
                "sha256:04d984e45a0b9815f4b407e8aadb50f25fbb82a605d89db927376e94c3adf371",
                "sha256:06e730451b70471c08b8a0ee7f18e7e1df310dba9c780bbfb730a13102b143db",
                "sha256:1f59596af2b3d64a9e43f9d6509b7a51db744d0eecc23297617c604e6823c6ae",
                "sha256:233513465a2f25fce537b965621866da3d1f02e15708f371dd4e19f0fb7b7711",
                "sha256:2696f1a6402c1a42ed12c5cd8adfb4b381c32d41e35a34b8ee544309ef854172",
                "sha256:2ca55a4443b463eec90528ac27be14d226b1c2b972178bc7d4d282ce89e47b6a",
                "sha256:30615e9115f976e00a938a28c7152562e8cf8e221ddacf4446dd8b20c0d97333",
                "sha256:3a77e7b9f8991b81d7be8e0b2deab05013cf3ebb24ac2b863d2979acb68c73dd",
                "sha256:54667c8ab16658cc0b7d824d8706b440d4db8382a3561042758bdfd48ca99298",
                "sha256:59304c67d12394815331eda95ec892bf54ad95e0aa7bc1ccd8e0a4a5a25d4bf3",
                "sha256:594f2f25b7bcfd9542c41b9df156fb5104f19f5fcefa51b1447f1d9f64c9cc14",
                "sha256:5b5dde5dcedc4e6f5a71d7654a3c6e189ced82e97d7896b1ca5a5c5e4e0e916f",
                "sha256:6bcea85f93fb2c94a1bcd35704c348a929a7fb24a0ec0cc2b9fcbb0046b87176",
                "sha256:718d7f0eb3351052023b33fe0f83fc9e3beeb7cbacbd0ff2b52524e2153e4598",
                "sha256:7c4a7ee37027ca716f42726b6f9fc491c13c843c7af559e0767dfab1ae9682d4",
                "sha256:87a855b64a9b692604f6339baa4f9913d06838df1b4ccf0cb899dd18f56ec03c",
                "sha256:8c006d52365c0a6bb41a07f9c8f9f458ae8170e0af3b8c49bf7089347066b97b",
                "sha256:8e29701229705615d3dcfc439c7c46f40f913e57c7fe322b1efc30d3f37d1287",
                "sha256:9b5b41737853bc49943864d5980dfb401a09e78ddb471e71291810ccdeadd712",
                "sha256:b04569ff215b85ce3e2954979d2d5e0bf84007e43ddcf84b632fc6bc18e07909",
                "sha256:b731d45764349313bd956c07bdc1d43803bb0ad2b11354328a074e416c7d84bc",
                "sha256:c12e33cb17e2e12049a49b77696ee479791a4e44e541fdc393ae043e1246389f",
                "sha256:c41442c3814afeba1f6f16fd70cdf312a2c73c6dee8dc3ac8926bb115713ad1d",
                "sha256:c4d743c5c91424965707c9c8edc58b7cb43c127dcaf191fbcd304e2082eef56a",
                "sha256:d6766fd28f4f47cf93280a57e3dc6a9d11bdada1a6e9f019b8c62b12bbc86f6a",
                "sha256:d904570afcdbec40eb6bdbe24cba8d95c0215a2c0cbbc9c16301045bc8504c1f",
                "sha256:e674be2f349ea810e221b0113bd4491f53584ac848d5bcc3b62443cfa11d9c40",
                "sha256:e6ac40f1a62a227eb00226eb64c9c82bc878a3ed700b5414d34c9be57be87e87",
                "sha256:f5270369c799b4405ed47d45c88c09fbd7942fc9fb9891c0dabf0b8c751b625d"
            ],
            "index": "pypi",
            "version": "==8.0.0"
        },
        "psycopg2-binary": {
            "hashes": [
                "sha256:0deac2af1a587ae12836aa07970f5cb91964f05a7c6cdb69d8425ff4c15d4e2c",
                "sha256:0e4dc3d5996760104746e6cfcdb519d9d2cd27c738296525d5867ea695774e67",
                "sha256:11b9c0ebce097180129e422379b824ae21c8f2a6596b159c7659e2e5a00e1aa0",
                "sha256:15978a1fbd225583dd8cdaf37e67ccc278b5abecb4caf6b2d6b8e2b948e953f6",
                "sha256:1fabed9ea2acc4efe4671b92c669a213db744d2af8a9fc5d69a8e9bc14b7a9db",
                "sha256:2dac98e85565d5688e8ab7bdea5446674a83a3945a8f416ad0110018d1501b94",
                "sha256:42ec1035841b389e8cc3692277a0bd81cdfe0b65d575a2c8862cec7a80e62e52",
                "sha256:6422f2ff0919fd720195f64ffd8f924c1395d30f9a495f31e2392c2efafb5056",
                "sha256:6a32f3a4cb2f6e1a0b15215f448e8ce2da192fd4ff35084d80d5e39da683e79b",
                "sha256:7312e931b90fe14f925729cde58022f5d034241918a5c4f9797cac62f6b3a9dd",
                "sha256:7d92a09b788cbb1aec325af5fcba9fed7203897bbd9269d5691bb1e3bce29550",
                "sha256:833709a5c66ca52f1d21d41865a637223b368c0ee76ea54ca5bad6f2526c7679",
                "sha256:89705f45ce07b2dfa806ee84439ec67c5d9a0ef20154e0e475e2b2ed392a5b83",
                "sha256:8cd0fb36c7412996859cb4606a35969dd01f4ea34d9812a141cd920c3b18be77",
                "sha256:950bc22bb56ee6ff142a2cb9ee980b571dd0912b0334aa3fe0fe3788d860bea2",
                "sha256:a0c50db33c32594305b0ef9abc0cb7db13de7621d2cadf8392a1d9b3c437ef77",
                "sha256:a0eb43a07386c3f1f1ebb4dc7aafb13f67188eab896e7397aa1ee95a9c884eb2",
                "sha256:aaa4213c862f0ef00022751161df35804127b78adf4a2755b9f991a507e425fd",
                "sha256:ac0c682111fbf404525dfc0f18a8b5f11be52657d4f96e9fcb75daf4f3984859",
                "sha256:ad20d2eb875aaa1ea6d0f2916949f5c08a19c74d05b16ce6ebf6d24f2c9f75d1",
                "sha256:b4afc542c0ac0db720cf516dd20c0846f71c248d2b3d21013aa0d4ef9c71ca25",
                "sha256:b8a3715b3c4e604bcc94c90a825cd7f5635417453b253499664f784fc4da0152",
                "sha256:ba28584e6bca48c59eecbf7efb1576ca214b47f05194646b081717fa628dfddf",
                "sha256:ba381aec3a5dc29634f20692349d73f2d21f17653bda1decf0b52b11d694541f",
                "sha256:bd1be66dde2b82f80afb9459fc618216753f67109b859a361cf7def5c7968729",
                "sha256:c2507d796fca339c8fb03216364cca68d87e037c1f774977c8fc377627d01c71",
                "sha256:cec7e622ebc545dbb4564e483dd20e4e404da17ae07e06f3e780b2dacd5cee66",
                "sha256:d14b140a4439d816e3b1229a4a525df917d6ea22a0771a2a78332273fd9528a4",
                "sha256:d1b4ab59e02d9008efe10ceabd0b31e79519da6fb67f7d8e8977118832d0f449",
                "sha256:d5227b229005a696cc67676e24c214740efd90b148de5733419ac9aaba3773da",
                "sha256:e1f57aa70d3f7cc6947fd88636a481638263ba04a742b4a37dd25c373e41491a",
                "sha256:e74a55f6bad0e7d3968399deb50f61f4db1926acf4a6d83beaaa7df986f48b1c",
                "sha256:e82aba2188b9ba309fd8e271702bd0d0fc9148ae3150532bbb474f4590039ffb",
                "sha256:ee69dad2c7155756ad114c02db06002f4cded41132cc51378e57aad79cc8e4f4",
                "sha256:f5ab93a2cb2d8338b1674be43b442a7f544a0971da062a5da774ed40587f18f5"
            ],
            "index": "pypi",
            "version": "==2.8.6"
        },
        "python-settings": {
            "hashes": [
                "sha256:41a32caaa598e000b686ee54ac926b0a203e3201f01f30e8d5b6cae1215eb2d3",
                "sha256:d98bfcf772f94a6f44d4220dce30032a707bd963e7a0a1e011dc75a2608c880a"
            ],
            "index": "pypi",
            "version": "==0.2.2"
        },
        "pytz": {
            "hashes": [
                "sha256:222439474e9c98fced559f1709d89e6c9cbf8d79c794ff3eb9f8800064291427",
                "sha256:e89512406b793ca39f5971bc999cc538ce125c0e51c27941bef4568b460095e2"
            ],
            "version": "==2022.6"
        },
        "requests": {
            "hashes": [
                "sha256:b3559a131db72c33ee969480840fff4bb6dd111de7dd27c8ee1f820f4f00231b",
                "sha256:fe75cc94a9443b9246fc7049224f75604b113c36acb93f87b80ed42c44cbb898"
            ],
            "index": "pypi",
            "version": "==2.24.0"
        },
        "ruamel.yaml": {
            "hashes": [
                "sha256:742b35d3d665023981bd6d16b3d24248ce5df75fdb4e2924e93a05c1f8b61ca7",
                "sha256:8b7ce697a2f212752a35c1ac414471dc16c424c9573be4926b56ff3f5d23b7af"
            ],
            "version": "==0.17.21"
        },
        "ruamel.yaml.clib": {
            "hashes": [
                "sha256:045e0626baf1c52e5527bd5db361bc83180faaba2ff586e763d3d5982a876a9e",
                "sha256:15910ef4f3e537eea7fe45f8a5d19997479940d9196f357152a09031c5be59f3",
                "sha256:184faeaec61dbaa3cace407cffc5819f7b977e75360e8d5ca19461cd851a5fc5",
                "sha256:1f08fd5a2bea9c4180db71678e850b995d2a5f4537be0e94557668cf0f5f9497",
                "sha256:2aa261c29a5545adfef9296b7e33941f46aa5bbd21164228e833412af4c9c75f",
                "sha256:3110a99e0f94a4a3470ff67fc20d3f96c25b13d24c6980ff841e82bafe827cac",
                "sha256:3243f48ecd450eddadc2d11b5feb08aca941b5cd98c9b1db14b2fd128be8c697",
                "sha256:370445fd795706fd291ab00c9df38a0caed0f17a6fb46b0f607668ecb16ce763",
                "sha256:40d030e2329ce5286d6b231b8726959ebbe0404c92f0a578c0e2482182e38282",
                "sha256:41d0f1fa4c6830176eef5b276af04c89320ea616655d01327d5ce65e50575c94",
                "sha256:4a4d8d417868d68b979076a9be6a38c676eca060785abaa6709c7b31593c35d1",
                "sha256:4b3a93bb9bc662fc1f99c5c3ea8e623d8b23ad22f861eb6fce9377ac07ad6072",
                "sha256:5bc0667c1eb8f83a3752b71b9c4ba55ef7c7058ae57022dd9b29065186a113d9",
                "sha256:721bc4ba4525f53f6a611ec0967bdcee61b31df5a56801281027a3a6d1c2daf5",
                "sha256:763d65baa3b952479c4e972669f679fe490eee058d5aa85da483ebae2009d231",
                "sha256:7bdb4c06b063f6fd55e472e201317a3bb6cdeeee5d5a38512ea5c01e1acbdd93",
                "sha256:8831a2cedcd0f0927f788c5bdf6567d9dc9cc235646a434986a852af1cb54b4b",
                "sha256:91a789b4aa0097b78c93e3dc4b40040ba55bef518f84a40d4442f713b4094acb",
                "sha256:92460ce908546ab69770b2e576e4f99fbb4ce6ab4b245345a3869a0a0410488f",
                "sha256:99e77daab5d13a48a4054803d052ff40780278240a902b880dd37a51ba01a307",
                "sha256:a234a20ae07e8469da311e182e70ef6b199d0fbeb6c6cc2901204dd87fb867e8",
                "sha256:a7b301ff08055d73223058b5c46c55638917f04d21577c95e00e0c4d79201a6b",
                "sha256:be2a7ad8fd8f7442b24323d24ba0b56c51219513cfa45b9ada3b87b76c374d4b",
                "sha256:bf9a6bc4a0221538b1a7de3ed7bca4c93c02346853f44e1cd764be0023cd3640",
                "sha256:c3ca1fbba4ae962521e5eb66d72998b51f0f4d0f608d3c0347a48e1af262efa7",
                "sha256:d000f258cf42fec2b1bbf2863c61d7b8918d31ffee905da62dede869254d3b8a",
                "sha256:d5859983f26d8cd7bb5c287ef452e8aacc86501487634573d260968f753e1d71",
                "sha256:d5e51e2901ec2366b79f16c2299a03e74ba4531ddcfacc1416639c557aef0ad8",
                "sha256:debc87a9516b237d0466a711b18b6ebeb17ba9f391eb7f91c649c5c4ec5006c7",
                "sha256:df5828871e6648db72d1c19b4bd24819b80a755c4541d3409f0f7acd0f335c80",
                "sha256:ecdf1a604009bd35c674b9225a8fa609e0282d9b896c03dd441a91e5f53b534e",
                "sha256:efa08d63ef03d079dcae1dfe334f6c8847ba8b645d08df286358b1f5293d24ab",
                "sha256:f01da5790e95815eb5a8a138508c01c758e5f5bc0ce4286c4f7028b8dd7ac3d0",
                "sha256:f34019dced51047d6f70cb9383b2ae2853b7fc4dce65129a5acd49f4f9256646"
            ],
            "markers": "python_version < '3.11' and platform_python_implementation == 'CPython'",
            "version": "==0.2.7"
        },
        "sentry-sdk": {
            "hashes": [
                "sha256:0eea248408d36e8e7037c7b73827bea20b13a4375bf1719c406cae6fcbc094e3",
                "sha256:5cf36eb6b1dc62d55f3c64289792cbaebc8ffa5a9da14474f49b46d20caa7fc8"
            ],
            "index": "pypi",
            "version": "==0.19.1"
        },
        "sqlparse": {
            "hashes": [
                "sha256:0323c0ec29cd52bceabc1b4d9d579e311f3e4961b98d174201d5622a23b85e34",
                "sha256:69ca804846bb114d2ec380e4360a8a340db83f0ccf3afceeb1404df028f57268"
            ],
            "markers": "python_version >= '3.5'",
            "version": "==0.4.3"
        },
        "urllib3": {
            "hashes": [
                "sha256:8d7eaa5a82a1cac232164990f04874c594c9453ec55eef02eab885aa02fc17a2",
                "sha256:f5321fbe4bf3fefa0efd0bfe7fb14e90909eb62a48ccda331726b4319897dd5e"
            ],
            "markers": "python_version >= '2.7' and python_version not in '3.0, 3.1, 3.2, 3.3, 3.4' and python_version < '4'",
            "version": "==1.25.11"
        },
        "whitenoise": {
            "hashes": [
                "sha256:05ce0be39ad85740a78750c86a93485c40f08ad8c62a6006de0233765996e5c7",
                "sha256:05d00198c777028d72d8b0bbd234db605ef6d60e9410125124002518a48e515d"
            ],
            "index": "pypi",
            "version": "==5.2.0"
        }
    },
    "develop": {
        "async-generator": {
            "hashes": [
                "sha256:01c7bf666359b4967d2cda0000cc2e4af16a0ae098cbffcb8472fb9e8ad6585b",
                "sha256:6ebb3d106c12920aaae42ccb6f787ef5eefdcdd166ea3d628fa8476abe712144"
            ],
            "markers": "python_version >= '3.5'",
            "version": "==1.10"
        },
        "attrs": {
            "hashes": [
                "sha256:29adc2665447e5191d0e7c568fde78b21f9672d344281d0c6e1ab085429b22b6",
                "sha256:86efa402f67bf2df34f51a335487cf46b1ec130d02b8d39fd248abfd30da551c"
            ],
            "markers": "python_version >= '3.5'",
            "version": "==22.1.0"
        },
        "certifi": {
            "hashes": [
                "sha256:35824b4c3a97115964b408844d64aa14db1cc518f6562e8d7261699d1350a9e3",
                "sha256:4ad3232f5e926d6718ec31cfc1fcadfde020920e278684144551c91769c7bc18"
            ],
            "index": "pypi",
            "version": "==2022.12.7"
        },
        "charset-normalizer": {
            "hashes": [
                "sha256:5a3d016c7c547f69d6f81fb0db9449ce888b418b5b9952cc5e6e66843e9dd845",
                "sha256:83e9a75d1911279afd89352c68b45348559d1fc0506b054b346651b5e7fee29f"
            ],
            "markers": "python_full_version >= '3.6.0'",
            "version": "==2.1.1"
        },
        "exceptiongroup": {
            "hashes": [
                "sha256:542adf9dea4055530d6e1279602fa5cb11dab2395fa650b8674eaec35fc4a828",
                "sha256:bd14967b79cd9bdb54d97323216f8fdf533e278df937aa2a90089e7d6e06e5ec"
            ],
            "markers": "python_version < '3.11'",
            "version": "==1.0.4"
        },
        "foxpuppet": {
            "hashes": [
                "sha256:356a53ecea108e11526557e78ae9f7587cbe6113912ef36aa7b633c4a3318a96",
                "sha256:d60e2b0d39bb9fdc2097f72e1a3e88d3fbb69a5b09fd78c26ebcd4da4956aa00"
            ],
            "version": "==1.0.3"
        },
        "h11": {
            "hashes": [
                "sha256:8f19fbbe99e72420ff35c00b27a34cb9937e902a8b810e2c88300c6f0a3b699d",
                "sha256:e3fe4ac4b851c468cc8363d500db52c2ead036020723024a109d37346efaa761"
            ],
            "markers": "python_version >= '3.7'",
            "version": "==0.14.0"
        },
        "httpie": {
            "hashes": [
                "sha256:31ac28088ee6a0b6f3ba7a53379000c4d1910c1708c9ff768f84b111c14405a0",
                "sha256:aab111d347a3059ba507aa9339c621e5cae6658cc96f365cd6a32ae0fb6ad8aa"
            ],
            "index": "pypi",
            "version": "==2.2.0"
        },
        "idna": {
            "hashes": [
                "sha256:b307872f855b18632ce0c21c5e45be78c0ea7ae4c15c828c20788b26921eb3f6",
                "sha256:b97d804b1e9b523befed77c48dacec60e6dcb0b5391d57af6a65a312a90648c0"
            ],
            "markers": "python_version >= '2.7' and python_version not in '3.0, 3.1, 3.2, 3.3'",
            "version": "==2.10"
        },
        "iniconfig": {
            "hashes": [
                "sha256:011e24c64b7f47f6ebd835bb12a743f2fbe9a26d4cecaa7f53bc4f35ee9da8b3",
                "sha256:bc3af051d7d14b2ee5ef9969666def0cd1a000e121eaea580d4a313df4b37f32"
            ],
            "version": "==1.1.1"
        },
        "outcome": {
            "hashes": [
                "sha256:6f82bd3de45da303cf1f771ecafa1633750a358436a8bb60e06a1ceb745d2672",
                "sha256:c4ab89a56575d6d38a05aa16daeaa333109c1f96167aba8901ab18b6b5e0f7f5"
            ],
            "markers": "python_version >= '3.7'",
            "version": "==1.2.0"
        },
        "packaging": {
            "hashes": [
                "sha256:2198ec20bd4c017b8f9717e00f0c8714076fc2fd93816750ab48e2c41de2cfd3",
                "sha256:957e2148ba0e1a3b282772e791ef1d8083648bc131c8ab0c1feba110ce1146c3"
            ],
            "markers": "python_version >= '3.7'",
            "version": "==22.0"
        },
        "pluggy": {
            "hashes": [
                "sha256:15b2acde666561e1298d71b523007ed7364de07029219b604cf808bfa1c765b0",
                "sha256:966c145cd83c96502c3c3868f50408687b38434af77734af1e9ca461a4081d2d"
            ],
            "markers": "python_version >= '2.7' and python_version not in '3.0, 3.1, 3.2, 3.3'",
            "version": "==0.13.1"
        },
        "py": {
            "hashes": [
                "sha256:51c75c4126074b472f746a24399ad32f6053d1b34b68d2fa41e558e6f4a98719",
                "sha256:607c53218732647dff4acdfcd50cb62615cedf612e72d1724fb1a0cc6405b378"
            ],
            "markers": "python_version >= '2.7' and python_version not in '3.0, 3.1, 3.2, 3.3, 3.4'",
            "version": "==1.11.0"
        },
        "pygments": {
            "hashes": [
                "sha256:56a8508ae95f98e2b9bdf93a6be5ae3f7d8af858b43e02c5a2ff083726be40c1",
                "sha256:f643f331ab57ba3c9d89212ee4a2dabc6e94f117cf4eefde99a0574720d14c42"
            ],
            "markers": "python_full_version >= '3.6.0'",
            "version": "==2.13.0"
        },
        "pysocks": {
            "hashes": [
                "sha256:08e69f092cc6dbe92a0fdd16eeb9b9ffbc13cadfe5ca4c7bd92ffb078b293299",
                "sha256:2725bd0a9925919b9b51739eea5f9e2bae91e83288108a9ad338b2e3a4435ee5",
                "sha256:3f8804571ebe159c380ac6de37643bb4685970655d3bba243530d6558b799aa0"
            ],
            "version": "==1.7.1"
        },
        "pytest": {
            "hashes": [
                "sha256:7a8190790c17d79a11f847fba0b004ee9a8122582ebff4729a082c109e81a4c9",
                "sha256:8f593023c1a0f916110285b6efd7f99db07d59546e3d8c36fc60e2ab05d3be92"
            ],
            "index": "pypi",
            "version": "==6.1.1"
        },
        "pytest-base-url": {
            "hashes": [
                "sha256:e1e88a4fd221941572ccdcf3bf6c051392d2f8b6cef3e0bc7da95abec4b5346e",
                "sha256:ed36fd632c32af9f1c08f2c2835dcf42ca8fcd097d6ed44a09f253d365ad8297"
            ],
            "markers": "python_version >= '3.7' and python_version < '4.0'",
            "version": "==2.0.0"
        },
        "pytest-firefox": {
            "hashes": [
                "sha256:7c7acb4dc3d068a6d356797f18731b6ad2f64b5681043c0119f4b821bf20ea07",
                "sha256:d91ddd9b7090986d6e45df38830328d7178e95a846eafb1a975a12b7eb5a9fdb"
            ],
            "index": "pypi",
            "version": "==0.1.1"
        },
        "pytest-html": {
            "hashes": [
                "sha256:868c08564a68d8b2c26866f1e33178419bb35b1e127c33784a28622eb827f3f3",
                "sha256:c4e2f4bb0bffc437f51ad2174a8a3e71df81bbc2f6894604e604af18fbe687c3"
            ],
            "markers": "python_full_version >= '3.6.0'",
            "version": "==3.2.0"
        },
        "pytest-metadata": {
            "hashes": [
                "sha256:acb739f89fabb3d798c099e9e0c035003062367a441910aaaf2281bc1972ee14",
                "sha256:fcc653f65fe3035b478820b5284fbf0f52803622ee3f60a2faed7a7d3ba1f41e"
            ],
            "markers": "python_version >= '3.7' and python_version < '4.0'",
            "version": "==2.0.4"
        },
        "pytest-selenium": {
            "hashes": [
                "sha256:a0008e6dce7c68501369c1c543420f5906ffada493d4ff0c5d9d5ccdf4022203",
                "sha256:fd632e0b657be6360f6319445eb0f475872d488b67634f791561851d55e390b1"
            ],
            "index": "pypi",
            "version": "==2.0.1"
        },
        "pytest-variables": {
            "hashes": [
                "sha256:1a24a30b7acf9654d71bcdc8b10c1eb0d81b73b3eec72d810703c522475d643b",
                "sha256:1c9e4fc321e33be7d1b352ac9cf20fdd2c39a8e4e6fa2dcd042aaf70ed516be7"
            ],
            "markers": "python_version >= '3.7' and python_version < '4.0'",
            "version": "==2.0.0"
        },
        "requests": {
            "hashes": [
                "sha256:b3559a131db72c33ee969480840fff4bb6dd111de7dd27c8ee1f820f4f00231b",
                "sha256:fe75cc94a9443b9246fc7049224f75604b113c36acb93f87b80ed42c44cbb898"
            ],
            "index": "pypi",
            "version": "==2.24.0"
        },
        "selenium": {
            "hashes": [
                "sha256:06a1c7d9f313130b21c3218ddd8852070d0e7419afdd31f96160cd576555a5ce"
            ],
            "markers": "python_version ~= '3.7'",
            "version": "==4.7.2"
        },
        "six": {
            "hashes": [
                "sha256:1e61c37477a1626458e36f7b1d82aa5c9b094fa4802892072e49de9c60c4c926",
                "sha256:8abb2f1d86890a2dfb989f9a77cfcfd3e47c2a354b01111771326f8aa26e0254"
            ],
            "markers": "python_version >= '2.7' and python_version not in '3.0, 3.1, 3.2, 3.3'",
            "version": "==1.16.0"
        },
        "sniffio": {
            "hashes": [
                "sha256:e60305c5e5d314f5389259b7f22aaa33d8f7dee49763119234af3755c55b9101",
                "sha256:eecefdce1e5bbfb7ad2eeaabf7c1eeb404d7757c379bd1f7e5cce9d8bf425384"
            ],
            "markers": "python_version >= '3.7'",
            "version": "==1.3.0"
        },
        "sortedcontainers": {
            "hashes": [
                "sha256:25caa5a06cc30b6b83d11423433f65d1f9d76c4c6a0c90e3379eaa43b9bfdb88",
                "sha256:a163dcaede0f1c021485e957a39245190e74249897e2ae4b2aa38595db237ee0"
            ],
            "version": "==2.4.0"
        },
        "tenacity": {
            "hashes": [
                "sha256:baed357d9f35ec64264d8a4bbf004c35058fad8795c5b0d8a7dc77ecdcbb8f39",
                "sha256:e14d191fb0a309b563904bbc336582efe2037de437e543b38da749769b544d7f"
            ],
            "version": "==6.3.1"
        },
        "toml": {
            "hashes": [
                "sha256:806143ae5bfb6a3c6e736a764057db0e6a0e05e338b5630894a5f779cabb4f9b",
                "sha256:b3bda1d108d5dd99f4a20d24d9c348e91c4db7ab1b749200bded2f839ccbe68f"
            ],
            "markers": "python_version >= '2.6' and python_version not in '3.0, 3.1, 3.2, 3.3'",
            "version": "==0.10.2"
        },
        "trio": {
            "hashes": [
                "sha256:ce68f1c5400a47b137c5a4de72c7c901bd4e7a24fbdebfe9b41de8c6c04eaacf",
                "sha256:f1dd0780a89bfc880c7c7994519cb53f62aacb2c25ff487001c0052bd721cdf0"
            ],
            "markers": "python_version >= '3.7'",
            "version": "==0.22.0"
        },
        "trio-websocket": {
            "hashes": [
                "sha256:5b558f6e83cc20a37c3b61202476c5295d1addf57bd65543364e0337e37ed2bc",
                "sha256:a3d34de8fac26023eee701ed1e7bf4da9a8326b61a62934ec9e53b64970fd8fe"
            ],
            "markers": "python_version >= '3.5'",
            "version": "==0.9.2"
        },
        "urllib3": {
            "hashes": [
                "sha256:8d7eaa5a82a1cac232164990f04874c594c9453ec55eef02eab885aa02fc17a2",
                "sha256:f5321fbe4bf3fefa0efd0bfe7fb14e90909eb62a48ccda331726b4319897dd5e"
            ],
            "markers": "python_version >= '2.7' and python_version not in '3.0, 3.1, 3.2, 3.3, 3.4' and python_version < '4'",
            "version": "==1.25.11"
        },
        "wsproto": {
            "hashes": [
                "sha256:ad565f26ecb92588a3e43bc3d96164de84cd9902482b130d0ddbaa9664a85065",
                "sha256:b9acddd652b585d75b20477888c56642fdade28bdfd3579aa24a4d2c037dd736"
            ],
            "markers": "python_version >= '3.7'",
            "version": "==1.2.0"
        }
    }
}
